
Microsoft Visual Studio Solution File, Format Version 12.00
# Visual Studio Version 17
VisualStudioVersion = 17.10.34928.147
MinimumVisualStudioVersion = 10.0.40219.1
Project("{9A19103F-16F7-4668-BE54-9A1E7A4F7556}") = "MultitaskingDebugDemo", ".\MultitaskingDebugDemo\MultitaskingDebugDemo.csproj", "{DE9E83A9-8D46-4513-8EFB-F838BFD40643}"
EndProject
Global
	GlobalSection(SolutionConfigurationPlatforms) = preSolution
		Debug|Any CPU = Debug|Any CPU
		Release|Any CPU = Release|Any CPU
	EndGlobalSection
	GlobalSection(ProjectConfigurationPlatforms) = postSolution
		{DE9E83A9-8D46-4513-8EFB-F838BFD40643}.Debug|Any CPU.ActiveCfg = Debug|Any CPU
		{DE9E83A9-8D46-4513-8EFB-F838BFD40643}.Debug|Any CPU.Build.0 = Debug|Any CPU
		{DE9E83A9-8D46-4513-8EFB-F838BFD40643}.Release|Any CPU.ActiveCfg = Release|Any CPU
		{DE9E83A9-8D46-4513-8EFB-F838BFD40643}.Release|Any CPU.Build.0 = Release|Any CPU
	EndGlobalSection
	GlobalSection(SolutionProperties) = preSolution
		HideSolutionNode = FALSE
	EndGlobalSection
	GlobalSection(ExtensibilityGlobals) = postSolution
		SolutionGuid = {3816DC3B-11E1-4C12-B6F1-21FC3BDD4C39}
	EndGlobalSection
EndGlobal
